
Microsoft Visual Studio Solution File, Format Version 12.00
# Visual Studio Version 16
VisualStudioVersion = 16.0.31624.102
MinimumVisualStudioVersion = 10.0.40219.1
Project("{8BC9CEB8-8B4A-11D0-8D11-00A0C91BC942}") = "Project16", "Project16\Project16.vcxproj", "{1710B05B-0E9F-4064-861F-F551A4DFE735}"
EndProject
Global
	GlobalSection(SolutionConfigurationPlatforms) = preSolution
		Debug|x64 = Debug|x64
		Debug|x86 = Debug|x86
		Release|x64 = Release|x64
		Release|x86 = Release|x86
	EndGlobalSection
	GlobalSection(ProjectConfigurationPlatforms) = postSolution
		{1710B05B-0E9F-4064-861F-F551A4DFE735}.Debug|x64.ActiveCfg = Debug|x64
		{1710B05B-0E9F-4064-861F-F551A4DFE735}.Debug|x64.Build.0 = Debug|x64
		{1710B05B-0E9F-4064-861F-F551A4DFE735}.Debug|x86.ActiveCfg = Debug|Win32
		{1710B05B-0E9F-4064-861F-F551A4DFE735}.Debug|x86.Build.0 = Debug|Win32
		{1710B05B-0E9F-4064-861F-F551A4DFE735}.Release|x64.ActiveCfg = Release|x64
		{1710B05B-0E9F-4064-861F-F551A4DFE735}.Release|x64.Build.0 = Release|x64
		{1710B05B-0E9F-4064-861F-F551A4DFE735}.Release|x86.ActiveCfg = Release|Win32
		{1710B05B-0E9F-4064-861F-F551A4DFE735}.Release|x86.Build.0 = Release|Win32
	EndGlobalSection
	GlobalSection(SolutionProperties) = preSolution
		HideSolutionNode = FALSE
	EndGlobalSection
	GlobalSection(ExtensibilityGlobals) = postSolution
		SolutionGuid = {520211B6-6362-4F7F-BF4F-2A91974E69BC}
	EndGlobalSection
EndGlobal
